
Microsoft Visual Studio Solution File, Format Version 12.00
# Visual Studio Version 17
VisualStudioVersion = 17.2.32602.215
MinimumVisualStudioVersion = 10.0.40219.1
Project("{8BC9CEB8-8B4A-11D0-8D11-00A0C91BC942}") = "MessengerDemo", "MessengerDemo\MessengerDemo.vcxproj", "{D18B36F5-3483-49C8-98D0-A9CE00968FF8}"
EndProject
Global
	GlobalSection(SolutionConfigurationPlatforms) = preSolution
		Debug|x64 = Debug|x64
		Debug|x86 = Debug|x86
		Release|x64 = Release|x64
		Release|x86 = Release|x86
	EndGlobalSection
	GlobalSection(ProjectConfigurationPlatforms) = postSolution
		{D18B36F5-3483-49C8-98D0-A9CE00968FF8}.Debug|x64.ActiveCfg = Debug|x64
		{D18B36F5-3483-49C8-98D0-A9CE00968FF8}.Debug|x64.Build.0 = Debug|x64
		{D18B36F5-3483-49C8-98D0-A9CE00968FF8}.Debug|x86.ActiveCfg = Debug|Win32
		{D18B36F5-3483-49C8-98D0-A9CE00968FF8}.Debug|x86.Build.0 = Debug|Win32
		{D18B36F5-3483-49C8-98D0-A9CE00968FF8}.Release|x64.ActiveCfg = Release|x64
		{D18B36F5-3483-49C8-98D0-A9CE00968FF8}.Release|x64.Build.0 = Release|x64
		{D18B36F5-3483-49C8-98D0-A9CE00968FF8}.Release|x86.ActiveCfg = Release|Win32
		{D18B36F5-3483-49C8-98D0-A9CE00968FF8}.Release|x86.Build.0 = Release|Win32
	EndGlobalSection
	GlobalSection(SolutionProperties) = preSolution
		HideSolutionNode = FALSE
	EndGlobalSection
	GlobalSection(ExtensibilityGlobals) = postSolution
		SolutionGuid = {58198B70-6480-4C32-B3BD-1F27847BD7E2}
	EndGlobalSection
EndGlobal
